
Microsoft Visual Studio Solution File, Format Version 12.00
# Visual Studio 15
VisualStudioVersion = 15.0.28307.136
MinimumVisualStudioVersion = 10.0.40219.1
Project("{FAE04EC0-301F-11D3-BF4B-00C04F79EFBC}") = "RimWorld Translated Names", "RimWorld Translated Names.csproj", "{857B9C81-9443-449F-A750-EF3F628A1570}"
EndProject
Global
	GlobalSection(SolutionConfigurationPlatforms) = preSolution
		Debug|Any CPU = Debug|Any CPU
		Release|Any CPU = Release|Any CPU
	EndGlobalSection
	GlobalSection(ProjectConfigurationPlatforms) = postSolution
		{857B9C81-9443-449F-A750-EF3F628A1570}.Debug|Any CPU.ActiveCfg = Debug|Any CPU
		{857B9C81-9443-449F-A750-EF3F628A1570}.Debug|Any CPU.Build.0 = Debug|Any CPU
		{857B9C81-9443-449F-A750-EF3F628A1570}.Release|Any CPU.ActiveCfg = Release|Any CPU
		{857B9C81-9443-449F-A750-EF3F628A1570}.Release|Any CPU.Build.0 = Release|Any CPU
		{D37A0A25-D790-48F2-8D1C-9F75D8B5088C}.Debug|Any CPU.ActiveCfg = Debug|Any CPU
		{D37A0A25-D790-48F2-8D1C-9F75D8B5088C}.Debug|Any CPU.Build.0 = Debug|Any CPU
		{D37A0A25-D790-48F2-8D1C-9F75D8B5088C}.Release|Any CPU.ActiveCfg = Release|Any CPU
		{D37A0A25-D790-48F2-8D1C-9F75D8B5088C}.Release|Any CPU.Build.0 = Release|Any CPU
	EndGlobalSection
	GlobalSection(SolutionProperties) = preSolution
		HideSolutionNode = FALSE
	EndGlobalSection
	GlobalSection(ExtensibilityGlobals) = postSolution
		SolutionGuid = {EDB3FD93-8E97-4321-B37A-13DEF2881209}
	EndGlobalSection
EndGlobal
